
Microsoft Visual Studio Solution File, Format Version 12.00
# Visual Studio Version 17
VisualStudioVersion = 17.9.34728.123
MinimumVisualStudioVersion = 10.0.40219.1
Project("{9A19103F-16F7-4668-BE54-9A1E7A4F7556}") = "FurnitureShop.API", "FurnitureShop.API\FurnitureShop.API.csproj", "{A95B777F-CD4E-41ED-BD18-548C77892423}"
EndProject
Project("{9A19103F-16F7-4668-BE54-9A1E7A4F7556}") = "FurnitureShop.DAL", "FurnitureShop.DAL\FurnitureShop.DAL.csproj", "{86B1A2D7-5A90-4E2F-9949-3E24F81DBE09}"
EndProject
Project("{9A19103F-16F7-4668-BE54-9A1E7A4F7556}") = "FurnitureShop.BLL", "FurnitureShop.BLL\FurnitureShop.BLL.csproj", "{A6D1B648-355E-41FB-8C5D-2F52788013EC}"
EndProject
Global
	GlobalSection(SolutionConfigurationPlatforms) = preSolution
		Debug|Any CPU = Debug|Any CPU
		Release|Any CPU = Release|Any CPU
	EndGlobalSection
	GlobalSection(ProjectConfigurationPlatforms) = postSolution
		{A95B777F-CD4E-41ED-BD18-548C77892423}.Debug|Any CPU.ActiveCfg = Debug|Any CPU
		{A95B777F-CD4E-41ED-BD18-548C77892423}.Debug|Any CPU.Build.0 = Debug|Any CPU
		{A95B777F-CD4E-41ED-BD18-548C77892423}.Release|Any CPU.ActiveCfg = Release|Any CPU
		{A95B777F-CD4E-41ED-BD18-548C77892423}.Release|Any CPU.Build.0 = Release|Any CPU
		{86B1A2D7-5A90-4E2F-9949-3E24F81DBE09}.Debug|Any CPU.ActiveCfg = Debug|Any CPU
		{86B1A2D7-5A90-4E2F-9949-3E24F81DBE09}.Debug|Any CPU.Build.0 = Debug|Any CPU
		{86B1A2D7-5A90-4E2F-9949-3E24F81DBE09}.Release|Any CPU.ActiveCfg = Release|Any CPU
		{86B1A2D7-5A90-4E2F-9949-3E24F81DBE09}.Release|Any CPU.Build.0 = Release|Any CPU
		{A6D1B648-355E-41FB-8C5D-2F52788013EC}.Debug|Any CPU.ActiveCfg = Debug|Any CPU
		{A6D1B648-355E-41FB-8C5D-2F52788013EC}.Debug|Any CPU.Build.0 = Debug|Any CPU
		{A6D1B648-355E-41FB-8C5D-2F52788013EC}.Release|Any CPU.ActiveCfg = Release|Any CPU
		{A6D1B648-355E-41FB-8C5D-2F52788013EC}.Release|Any CPU.Build.0 = Release|Any CPU
	EndGlobalSection
	GlobalSection(SolutionProperties) = preSolution
		HideSolutionNode = FALSE
	EndGlobalSection
	GlobalSection(ExtensibilityGlobals) = postSolution
		SolutionGuid = {42277B63-F777-4D01-A7B4-8F11CF52DBEC}
	EndGlobalSection
EndGlobal
